<?xml version="1.0" encoding="utf-8"?>
<Project ToolsVersion="17.0" xmlns="http://schemas.microsoft.com/developer/msbuild/2003">
  <ItemGroup>
    <CustomBuild Include="C:\Users\wbhag\Desktop\CS\Personal Programming Ventures\RiscV_Assembler_2\cm_mods\builds\json\CMakeFiles\85389a92646383f834560332af7278f9\PACKAGE_force.rule">
      <Filter>CMake Rules</Filter>
    </CustomBuild>
  </ItemGroup>
  <ItemGroup>
    <Filter Include="CMake Rules">
      <UniqueIdentifier>{D388AA55-686A-3C63-896E-E0C15D563D57}</UniqueIdentifier>
    </Filter>
  </ItemGroup>
</Project>
